
Microsoft Visual Studio Solution File, Format Version 12.00
# Visual Studio Version 16
VisualStudioVersion = 16.0.29102.190
MinimumVisualStudioVersion = 10.0.40219.1
Project("{FAE04EC0-301F-11D3-BF4B-00C04F79EFBC}") = "Part6", "Part6\Part6.csproj", "{3ADDB125-CA98-4FD3-A336-7016C8258CF2}"
EndProject
Global
	GlobalSection(SolutionConfigurationPlatforms) = preSolution
		Debug|Any CPU = Debug|Any CPU
		Release|Any CPU = Release|Any CPU
	EndGlobalSection
	GlobalSection(ProjectConfigurationPlatforms) = postSolution
		{3ADDB125-CA98-4FD3-A336-7016C8258CF2}.Debug|Any CPU.ActiveCfg = Debug|Any CPU
		{3ADDB125-CA98-4FD3-A336-7016C8258CF2}.Debug|Any CPU.Build.0 = Debug|Any CPU
		{3ADDB125-CA98-4FD3-A336-7016C8258CF2}.Release|Any CPU.ActiveCfg = Release|Any CPU
		{3ADDB125-CA98-4FD3-A336-7016C8258CF2}.Release|Any CPU.Build.0 = Release|Any CPU
	EndGlobalSection
	GlobalSection(SolutionProperties) = preSolution
		HideSolutionNode = FALSE
	EndGlobalSection
	GlobalSection(ExtensibilityGlobals) = postSolution
		SolutionGuid = {5E255F04-7FCD-4FB8-B509-47515DE2B808}
	EndGlobalSection
EndGlobal
